<?xml version="1.0" encoding="UTF-8" standalone="yes" ?>
<CodeBlocks_project_file>
	<FileVersion major="1" minor="6" />
	<Project>
		<Option title="IGVC 2013" />
		<Option pch_mode="2" />
		<Option compiler="gcc" />
		<Build>
			<Target title="TestSerial">
				<Option output="bin/TestSerial" prefix_auto="1" extension_auto="1" />
				<Option object_output="obj/Debug/" />
				<Option type="1" />
				<Option compiler="gcc" />
				<Compiler>
					<Add option="-g" />
				</Compiler>
			</Target>
			<Target title="TestGPS">
				<Option output="bin/TestGPS" prefix_auto="1" extension_auto="1" />
				<Option type="1" />
				<Option compiler="gcc" />
			</Target>
			<Target title="TestOSMC_driver">
				<Option output="bin/TestOSMC_driver" prefix_auto="1" extension_auto="1" />
				<Option type="1" />
				<Option compiler="gcc" />
			</Target>
			<Target title="TestData">
				<Option output="bin/TestData" prefix_auto="1" extension_auto="1" />
				<Option type="1" />
				<Option compiler="gcc" />
				<Compiler>
					<Add directory="/home/alex/Desktop/IGVC/2013/software/src/sensors/DataStructures" />
				</Compiler>
				<Linker>
					<Add directory="/home/alex/Desktop/IGVC/2013/software/**" />
				</Linker>
			</Target>
			<Target title="TestLidar">
				<Option output="bin/TestLidar" prefix_auto="1" extension_auto="1" />
				<Option type="1" />
				<Option compiler="gcc" />
			</Target>
			<Target title="TestJoystick">
				<Option output="bin/TestJoystick" prefix_auto="1" extension_auto="1" />
				<Option type="1" />
				<Option compiler="gcc" />
			</Target>
			<Target title="testCamera">
				<Option output="bin/testCamera" prefix_auto="1" extension_auto="1" />
				<Option type="0" />
				<Option compiler="gcc" />
				<Linker>
					<Add library="flycapture" />
				</Linker>
			</Target>
			<Target title="Regression">
				<Option output="bin/Regression" prefix_auto="1" extension_auto="1" />
				<Option type="0" />
				<Option compiler="gcc" />
				<Linker>
					<Add library="boost_unit_test_framework" />
				</Linker>
			</Target>
			<Target title="testCV">
				<Option output="bin/testCV" prefix_auto="1" extension_auto="1" />
				<Option type="1" />
				<Option compiler="gcc" />
				<Linker>
					<Add library="opencv_highgui" />
					<Add library="opencv_core" />
					<Add library="opencv_imgproc" />
					<Add library="flycapture" />
					<Add library="opencv_calib3d" />
				</Linker>
			</Target>
			<Target title="TestLaneDetection">
				<Option output="bin/TestLaneDetection" prefix_auto="1" extension_auto="1" />
				<Option type="1" />
				<Option compiler="gcc" />
				<Linker>
					<Add library="/usr/local/lib/libopencv_calib3d.so" />
					<Add library="/usr/local/lib/libopencv_contrib.so" />
					<Add library="/usr/local/lib/libopencv_core.so" />
					<Add library="/usr/local/lib/libopencv_features2d.so" />
					<Add library="/usr/local/lib/libopencv_flann.so" />
					<Add library="/usr/local/lib/libopencv_gpu.so" />
					<Add library="/usr/local/lib/libopencv_highgui.so" />
					<Add library="/usr/local/lib/libopencv_imgproc.so" />
					<Add library="/usr/local/lib/libopencv_legacy.so" />
					<Add library="/usr/local/lib/libopencv_ml.so" />
					<Add library="/usr/local/lib/libopencv_nonfree.so" />
					<Add library="/usr/local/lib/libopencv_objdetect.so" />
					<Add library="/usr/local/lib/libopencv_photo.so" />
					<Add library="/usr/local/lib/libopencv_stitching.so" />
					<Add library="/usr/local/lib/libopencv_ts.so" />
					<Add library="/usr/local/lib/libopencv_video.so" />
					<Add library="/usr/local/lib/libopencv_videostab.so" />
				</Linker>
			</Target>
			<Target title="TestPositionTracking">
				<Option output="bin/TestPositionTracking" prefix_auto="1" extension_auto="1" />
				<Option type="1" />
				<Option compiler="gcc" />
			</Target>
			<Target title="TestIMU">
				<Option output="bin/TestIMU" prefix_auto="1" extension_auto="1" />
				<Option type="1" />
				<Option compiler="gcc" />
			</Target>
			<Target title="TestBasicMapping">
				<Option output="bin/TestBasicMapping" prefix_auto="1" extension_auto="1" />
				<Option type="1" />
				<Option compiler="gcc" />
				<Compiler>
					<Add directory="/usr/include/pcl-1.6" />
					<Add directory="/usr/include/eigen3" />
					<Add directory="/usr/include/vtk-5.8" />
				</Compiler>
				<Linker>
					<Add library="pcl_common" />
					<Add library="pcl_visualization" />
					<Add directory="/usr/lib" />
				</Linker>
			</Target>
			<Target title="LidarObstacleAvoidance">
				<Option output="bin/LidarObstacleAvoidance" prefix_auto="1" extension_auto="1" />
				<Option type="1" />
				<Option compiler="gcc" />
			</Target>
			<Target title="TestCameraStabilization">
				<Option output="bin/TestCameraStabilization" prefix_auto="1" extension_auto="1" />
				<Option type="1" />
				<Option compiler="gcc" />
				<Linker>
					<Add library="/usr/local/lib/libopencv_calib3d.so" />
					<Add library="/usr/local/lib/libopencv_contrib.so" />
					<Add library="/usr/local/lib/libopencv_core.so" />
					<Add library="/usr/local/lib/libopencv_features2d.so" />
					<Add library="/usr/local/lib/libopencv_flann.so" />
					<Add library="/usr/local/lib/libopencv_gpu.so" />
					<Add library="/usr/local/lib/libopencv_highgui.so" />
					<Add library="/usr/local/lib/libopencv_imgproc.so" />
					<Add library="/usr/local/lib/libopencv_legacy.so" />
					<Add library="/usr/local/lib/libopencv_ml.so" />
					<Add library="/usr/local/lib/libopencv_nonfree.so" />
					<Add library="/usr/local/lib/libopencv_objdetect.so" />
					<Add library="/usr/local/lib/libopencv_photo.so" />
					<Add library="/usr/local/lib/libopencv_stitching.so" />
					<Add library="/usr/local/lib/libopencv_ts.so" />
					<Add library="/usr/local/lib/libopencv_video.so" />
					<Add library="/usr/local/lib/libopencv_videostab.so" />
				</Linker>
			</Target>
			<Target title="OdometryTest">
				<Option output="bin/OdometryTest" prefix_auto="1" extension_auto="1" />
				<Option type="1" />
				<Option compiler="gcc" />
				<Linker>
					<Add library="opencv_highgui" />
					<Add library="opencv_core" />
					<Add library="opencv_imgproc" />
					<Add library="flycapture" />
					<Add library="opencv_calib3d" />
					<Add library="opencv_features2d" />
					<Add library="opencv_flann" />
				</Linker>
			</Target>
			<Target title="TestMotorDriver">
				<Option output="bin/TestMotorDriver" prefix_auto="1" extension_auto="1" />
				<Option type="1" />
				<Option compiler="gcc" />
				<Compiler>
					<Add option="-g" />
				</Compiler>
			</Target>
			<Target title="TestPathPlanning">
				<Option output="bin/TestPathPlanning" prefix_auto="1" extension_auto="1" />
				<Option type="1" />
				<Option compiler="gcc" />
				<Compiler>
					<Add directory="/usr/include/pcl-1.6" />
					<Add directory="/usr/include/eigen3" />
					<Add directory="/usr/include/vtk-5.8" />
				</Compiler>
				<Linker>
					<Add library="pcl_common" />
					<Add library="pcl_visualization" />
					<Add library="pcl_kdtree" />
					<Add library="vtkCommon" />
					<Add library="vtkFiltering" />
					<Add library="vtkRendering" />
					<Add library="vtkGraphics" />
					<Add directory="/usr/lib" />
				</Linker>
			</Target>
			<Target title="TestPerspTrans">
				<Option output="bin/TestPerspTrans" prefix_auto="1" extension_auto="1" />
				<Option type="1" />
				<Option compiler="gcc" />
				<Option use_console_runner="0" />
				<Linker>
					<Add library="/usr/local/lib/libopencv_calib3d.so" />
					<Add library="/usr/local/lib/libopencv_contrib.so" />
					<Add library="/usr/local/lib/libopencv_core.so" />
					<Add library="/usr/local/lib/libopencv_features2d.so" />
					<Add library="/usr/local/lib/libopencv_flann.so" />
					<Add library="/usr/local/lib/libopencv_gpu.so" />
					<Add library="/usr/local/lib/libopencv_highgui.so" />
					<Add library="/usr/local/lib/libopencv_imgproc.so" />
					<Add library="/usr/local/lib/libopencv_legacy.so" />
					<Add library="/usr/local/lib/libopencv_ml.so" />
					<Add library="/usr/local/lib/libopencv_nonfree.so" />
					<Add library="/usr/local/lib/libopencv_objdetect.so" />
					<Add library="/usr/local/lib/libopencv_photo.so" />
					<Add library="/usr/local/lib/libopencv_stitching.so" />
					<Add library="/usr/local/lib/libopencv_ts.so" />
					<Add library="/usr/local/lib/libopencv_video.so" />
					<Add library="/usr/local/lib/libopencv_videostab.so" />
				</Linker>
			</Target>
			<Target title="IGVC2013">
				<Option output="IGVC2013" prefix_auto="1" extension_auto="1" />
				<Option type="0" />
				<Option compiler="gcc" />
			</Target>
			<Target title="TestWaypointReader">
				<Option output="bin/TestWaypointReader" prefix_auto="1" extension_auto="1" />
				<Option type="1" />
				<Option compiler="gcc" />
			</Target>
			<Target title="testPerspectiveTransform">
				<Option output="IGVC2013" prefix_auto="1" extension_auto="1" />
				<Option type="1" />
				<Option compiler="gcc" />
			</Target>
		</Build>
		<Compiler>
			<Add option="-Wall" />
			<Add option="-fexceptions" />
			<Add directory="$(#boost).include" />
			<Add directory="src" />
			<Add directory="/usr/include" />
		</Compiler>
		<Linker>
			<Add library="boost_system" />
			<Add library="pthread" />
			<Add library="boost_thread" />
			<Add library="usb-1.0" />
			<Add directory="$(#boost).lib" />
			<Add directory="/usr/lib/" />
		</Linker>
		<Unit filename="src/IGVC.hpp">
			<Option target="LidarObstacleAvoidance" />
			<Option target="TestCameraStabilization" />
			<Option target="TestMotorDriver" />
			<Option target="TestPathPlanning" />
		</Unit>
		<Unit filename="src/actuators/motors/ArduinoMotorControl/2013Arduino/ArduinoIDETest.cpp">
			<Option target="&lt;{~None~}&gt;" />
		</Unit>
		<Unit filename="src/actuators/motors/ArduinoMotorControl/2013Arduino/arduino.h">
			<Option target="&lt;{~None~}&gt;" />
		</Unit>
		<Unit filename="src/actuators/motors/ArduinoMotorControl/2013Arduino/motorPWM.cc">
			<Option target="&lt;{~None~}&gt;" />
		</Unit>
		<Unit filename="src/actuators/motors/ArduinoMotorControl/2013Arduino/motorPWM.hpp">
			<Option target="&lt;{~None~}&gt;" />
		</Unit>
		<Unit filename="src/actuators/motors/ArduinoMotorControl/2013Arduino/pinDefs.hpp">
			<Option target="&lt;{~None~}&gt;" />
		</Unit>
		<Unit filename="src/actuators/motors/ArduinoMotorControl/DecimiliaMotor_ArduinoIDE/pinDefs.h">
			<Option target="&lt;{~None~}&gt;" />
		</Unit>
		<Unit filename="src/actuators/motors/MotorDriver/MotorDriver.hpp">
			<Option target="TestMotorDriver" />
			<Option target="TestJoystick" />
			<Option target="TestPathPlanning" />
		</Unit>
		<Unit filename="src/actuators/motors/MotorDriver/MotorEncoderDriver2013.cpp">
			<Option target="TestMotorDriver" />
			<Option target="TestJoystick" />
			<Option target="TestPathPlanning" />
		</Unit>
		<Unit filename="src/actuators/motors/MotorDriver/MotorEncoderDriver2013.h">
			<Option target="TestMotorDriver" />
			<Option target="TestJoystick" />
			<Option target="TestPathPlanning" />
		</Unit>
		<Unit filename="src/actuators/motors/MotorDriver/TestMotorDriver.cpp">
			<Option target="TestMotorDriver" />
		</Unit>
		<Unit filename="src/actuators/motors/OSMC_driver/OSMC_driver.cpp">
			<Option target="TestOSMC_driver" />
			<Option target="LidarObstacleAvoidance" />
		</Unit>
		<Unit filename="src/actuators/motors/OSMC_driver/OSMC_driver.hpp">
			<Option target="TestOSMC_driver" />
			<Option target="TestJoystick_and_Motors" />
			<Option target="LidarObstacleAvoidance" />
		</Unit>
		<Unit filename="src/actuators/motors/OSMC_driver/OSMC_driverTest.cpp">
			<Option target="TestOSMC_driver" />
		</Unit>
		<Unit filename="src/common/FLPriotityQueue.hpp">
			<Option target="OdometryTest" />
		</Unit>
		<Unit filename="src/common/Pose.hpp">
			<Option target="&lt;{~None~}&gt;" />
		</Unit>
		<Unit filename="src/common/Robot.cpp">
			<Option target="OdometryTest" />
			<Option target="TestLaneDetection" />
			<Option target="testPerspectiveTransform" />
		</Unit>
		<Unit filename="src/common/Robot.h">
			<Option target="OdometryTest" />
			<Option target="TestLaneDetection" />
			<Option target="testPerspectiveTransform" />
		</Unit>
		<Unit filename="src/common/utils/ImageUtils.cpp">
			<Option target="OdometryTest" />
			<Option target="TestLaneDetection" />
			<Option target="testPerspectiveTransform" />
		</Unit>
		<Unit filename="src/common/utils/ImageUtils.h">
			<Option target="OdometryTest" />
			<Option target="TestLaneDetection" />
			<Option target="testPerspectiveTransform" />
		</Unit>
		<Unit filename="src/common/utils/StringUtils.hpp">
			<Option target="TestCameraStabilization" />
		</Unit>
		<Unit filename="src/competitionControl/TestWaypointReader.cpp">
			<Option target="TestWaypointReader" />
		</Unit>
		<Unit filename="src/competitionControl/WaypointReader.cpp">
			<Option target="TestWaypointReader" />
		</Unit>
		<Unit filename="src/competitionControl/WaypointReader.h">
			<Option target="TestWaypointReader" />
		</Unit>
		<Unit filename="src/events/Delegate.hpp">
			<Option target="TestGPS" />
		</Unit>
		<Unit filename="src/events/Event.hpp">
			<Option target="TestGPS" />
			<Option target="TestBasicMapping" />
		</Unit>
		<Unit filename="src/executables/LidarObstacleAvoidance/main.cpp">
			<Option target="LidarObstacleAvoidance" />
		</Unit>
		<Unit filename="src/mapping/Map.cpp">
			<Option target="&lt;{~None~}&gt;" />
		</Unit>
		<Unit filename="src/mapping/Map.h">
			<Option target="&lt;{~None~}&gt;" />
		</Unit>
		<Unit filename="src/mapping/MapPoint.hpp">
			<Option target="&lt;{~None~}&gt;" />
		</Unit>
		<Unit filename="src/mapping/TestBasicMapping.cpp">
			<Option target="TestBasicMapping" />
		</Unit>
		<Unit filename="src/pathplanning/GraphSearch.hpp">
			<Option target="TestPathPlanning" />
		</Unit>
		<Unit filename="src/pathplanning/SearchProblem.hpp">
			<Option target="TestPathPlanning" />
		</Unit>
		<Unit filename="src/pathplanning/main.cpp">
			<Option target="TestPathPlanning" />
		</Unit>
		<Unit filename="src/pose_tracking/PoseTracker.cpp">
			<Option target="TestPositionTracking" />
			<Option target="TestBasicMapping" />
		</Unit>
		<Unit filename="src/pose_tracking/PoseTracker.h">
			<Option target="TestPositionTracking" />
			<Option target="TestBasicMapping" />
		</Unit>
		<Unit filename="src/pose_tracking/TestPositionTracking.cpp">
			<Option target="TestPositionTracking" />
		</Unit>
		<Unit filename="src/sensors/DataStructures/DataArray.hpp">
			<Option target="TestData" />
			<Option target="Regression" />
		</Unit>
		<Unit filename="src/sensors/DataStructures/DataPoint.hpp">
			<Option target="TestData" />
			<Option target="Regression" />
		</Unit>
		<Unit filename="src/sensors/DataStructures/GPSAccuracy.hpp">
			<Option target="TestData" />
			<Option target="Regression" />
		</Unit>
		<Unit filename="src/sensors/DataStructures/GPSData.cpp">
			<Option target="TestData" />
			<Option target="Regression" />
			<Option target="TestGPS" />
			<Option target="TestPositionTracking" />
			<Option target="TestBasicMapping" />
		</Unit>
		<Unit filename="src/sensors/DataStructures/GPSData.h">
			<Option target="TestData" />
			<Option target="Regression" />
			<Option target="TestGPS" />
			<Option target="TestPositionTracking" />
			<Option target="TestBasicMapping" />
		</Unit>
		<Unit filename="src/sensors/DataStructures/IMUData.hpp">
			<Option target="TestData" />
			<Option target="Regression" />
			<Option target="TestPositionTracking" />
			<Option target="TestIMU" />
			<Option target="TestBasicMapping" />
			<Option target="OdometryTest" />
		</Unit>
		<Unit filename="src/sensors/DataStructures/ImageData.hpp">
			<Option target="TestData" />
			<Option target="OdometryTest" />
			<Option target="TestSerial" />
			<Option target="testCV" />
		</Unit>
		<Unit filename="src/sensors/DataStructures/SensorData.cpp">
			<Option target="TestData" />
			<Option target="Regression" />
			<Option target="TestGPS" />
			<Option target="TestPositionTracking" />
			<Option target="TestIMU" />
			<Option target="TestBasicMapping" />
			<Option target="OdometryTest" />
			<Option target="TestSerial" />
			<Option target="testCV" />
		</Unit>
		<Unit filename="src/sensors/DataStructures/SensorData.h">
			<Option target="TestData" />
			<Option target="Regression" />
			<Option target="TestGPS" />
			<Option target="TestPositionTracking" />
			<Option target="TestIMU" />
			<Option target="TestBasicMapping" />
			<Option target="OdometryTest" />
		</Unit>
		<Unit filename="src/sensors/DataStructures/StereoImageData.hpp">
			<Option target="OdometryTest" />
			<Option target="TestSerial" />
			<Option target="testCV" />
		</Unit>
		<Unit filename="src/sensors/DataStructures/VisOdomData.hpp">
			<Option target="OdometryTest" />
		</Unit>
		<Unit filename="src/sensors/GPS/GPS.hpp">
			<Option target="TestGPS" />
			<Option target="TestPositionTracking" />
			<Option target="TestBasicMapping" />
		</Unit>
		<Unit filename="src/sensors/GPS/HemisphereA100GPS.cpp">
			<Option target="TestGPS" />
			<Option target="TestPositionTracking" />
			<Option target="TestBasicMapping" />
		</Unit>
		<Unit filename="src/sensors/GPS/HemisphereA100GPS.h">
			<Option target="TestGPS" />
			<Option target="TestPositionTracking" />
			<Option target="TestBasicMapping" />
		</Unit>
		<Unit filename="src/sensors/GPS/TestGPS.cpp">
			<Option target="TestGPS" />
		</Unit>
		<Unit filename="src/sensors/GPS/nmea.cpp">
			<Option target="TestGPS" />
			<Option target="TestPositionTracking" />
			<Option target="TestBasicMapping" />
		</Unit>
		<Unit filename="src/sensors/GPS/nmea.hpp">
			<Option target="TestGPS" />
			<Option target="TestPositionTracking" />
			<Option target="TestBasicMapping" />
		</Unit>
		<Unit filename="src/sensors/IMU/IMU.h">
			<Option target="TestData" />
			<Option target="TestPositionTracking" />
		</Unit>
		<Unit filename="src/sensors/RobotPosition.cpp">
			<Option target="TestData" />
			<Option target="Regression" />
		</Unit>
		<Unit filename="src/sensors/RobotPosition.h">
			<Option target="TestData" />
			<Option target="Regression" />
		</Unit>
		<Unit filename="src/sensors/Sensor.cpp">
			<Option target="&lt;{~None~}&gt;" />
		</Unit>
		<Unit filename="src/sensors/WaypointReader.cpp">
			<Option target="TestFile" />
		</Unit>
		<Unit filename="src/sensors/WaypointReader.h">
			<Option target="TestFile" />
		</Unit>
		<Unit filename="src/sensors/ardupilot/Ardupilot.cpp">
			<Option target="TestIMU" />
			<Option target="TestPositionTracking" />
			<Option target="TestBasicMapping" />
			<Option target="TestCameraStabilization" />
		</Unit>
		<Unit filename="src/sensors/ardupilot/Ardupilot.hpp">
			<Option target="TestIMU" />
			<Option target="TestPositionTracking" />
			<Option target="TestBasicMapping" />
			<Option target="TestCameraStabilization" />
		</Unit>
		<Unit filename="src/sensors/ardupilot/TestIMU.cpp">
			<Option target="TestIMU" />
		</Unit>
		<Unit filename="src/sensors/camera2D/laneDetection/LaneMapper.hpp">
			<Option target="&lt;{~None~}&gt;" />
		</Unit>
		<Unit filename="src/sensors/camera2D/laneDetection/secondAttempt.cpp">
			<Option target="&lt;{~None~}&gt;" />
		</Unit>
		<Unit filename="src/sensors/camera2D/laneDetection/testLaneDetection.cpp">
			<Option target="TestLaneDetection" />
		</Unit>
		<Unit filename="src/sensors/camera2D/perspectiveTransform/main.cpp">
			<Option target="TestPerspTrans" />
		</Unit>
		<Unit filename="src/sensors/camera2D/stabilization/RollStabilizer.cpp">
			<Option target="TestCameraStabilization" />
		</Unit>
		<Unit filename="src/sensors/camera2D/stabilization/RollStabilizer.h">
			<Option target="TestCameraStabilization" />
		</Unit>
		<Unit filename="src/sensors/camera2D/stabilization/TestCameraStabilization.cpp">
			<Option target="TestCameraStabilization" />
		</Unit>
		<Unit filename="src/sensors/camera3D/Bumblebee2.cpp">
			<Option target="testCV" />
		</Unit>
		<Unit filename="src/sensors/camera3D/Bumblebee2.h">
			<Option target="testCV" />
		</Unit>
		<Unit filename="src/sensors/camera3D/CameraInfo.cpp">
			<Option target="OdometryTest" />
			<Option target="TestLaneDetection" />
			<Option target="testPerspectiveTransform" />
		</Unit>
		<Unit filename="src/sensors/camera3D/CameraInfo.h">
			<Option target="OdometryTest" />
			<Option target="TestLaneDetection" />
			<Option target="testPerspectiveTransform" />
		</Unit>
		<Unit filename="src/sensors/camera3D/CameraTest.cpp">
			<Option target="testCamera" />
		</Unit>
		<Unit filename="src/sensors/camera3D/OpenCVDisplay.cpp">
			<Option target="testCV" />
		</Unit>
		<Unit filename="src/sensors/camera3D/OpenCVDisplay.h">
			<Option target="testCV" />
		</Unit>
		<Unit filename="src/sensors/camera3D/StereoPlayback.cpp">
			<Option target="testCV" />
		</Unit>
		<Unit filename="src/sensors/camera3D/StereoPlayback.h">
			<Option target="testCV" />
		</Unit>
		<Unit filename="src/sensors/camera3D/StereoSource.hpp">
			<Option target="testCV" />
		</Unit>
		<Unit filename="src/sensors/camera3D/StereoVidMaker.cpp">
			<Option target="testCV" />
		</Unit>
		<Unit filename="src/sensors/camera3D/StereoVidMaker.h">
			<Option target="testCV" />
		</Unit>
		<Unit filename="src/sensors/camera3D/TriclopsTest.cpp">
			<Option target="testCamera" />
		</Unit>
		<Unit filename="src/sensors/camera3D/imgUtils.cpp">
			<Option target="testCamera" />
		</Unit>
		<Unit filename="src/sensors/camera3D/imgUtils.h">
			<Option target="testCamera" />
		</Unit>
		<Unit filename="src/sensors/camera3D/opencvTest.cpp">
			<Option target="testCV" />
		</Unit>
		<Unit filename="src/sensors/camera3D/utilsTest.cpp">
			<Option target="&lt;{~None~}&gt;" />
		</Unit>
		<Unit filename="src/sensors/encoders/pcdriver_signed/quadCoderDriver_signed.cc">
			<Option target="&lt;{~None~}&gt;" />
		</Unit>
		<Unit filename="src/sensors/encoders/pcdriver_signed/quadCoderDriver_signed.hpp">
			<Option target="&lt;{~None~}&gt;" />
		</Unit>
		<Unit filename="src/sensors/encoders/pcdriver_signed/test.cc">
			<Option target="&lt;{~None~}&gt;" />
		</Unit>
		<Unit filename="src/sensors/joystick/Joystick.cpp">
			<Option target="TestJoystick" />
		</Unit>
		<Unit filename="src/sensors/joystick/Joystick.h">
			<Option target="TestJoystick" />
		</Unit>
		<Unit filename="src/sensors/joystick/testJoystick.cpp">
			<Option target="TestJoystick" />
		</Unit>
		<Unit filename="src/sensors/lidar/Lidar.h">
			<Option target="TestLidar" />
			<Option target="TestBasicMapping" />
			<Option target="LidarObstacleAvoidance" />
		</Unit>
		<Unit filename="src/sensors/lidar/NAV200.cpp">
			<Option target="TestLidar" />
			<Option target="TestBasicMapping" />
			<Option target="LidarObstacleAvoidance" />
		</Unit>
		<Unit filename="src/sensors/lidar/NAV200.h">
			<Option target="TestLidar" />
			<Option target="TestBasicMapping" />
			<Option target="LidarObstacleAvoidance" />
		</Unit>
		<Unit filename="src/sensors/lidar/TestLidar.cpp">
			<Option target="TestLidar" />
		</Unit>
		<Unit filename="src/sensors/main.cpp">
			<Option target="TestData" />
		</Unit>
		<Unit filename="src/sensors/sensor.h">
			<Option target="&lt;{~None~}&gt;" />
		</Unit>
		<Unit filename="src/sensors/timing.h">
			<Option target="TestData" />
			<Option target="TestPositionTracking" />
			<Option target="TestBasicMapping" />
		</Unit>
		<Unit filename="src/serial/ASIOSerialPort.cpp">
			<Option target="TestSerial" />
			<Option target="TestGPS" />
			<Option target="TestOSMC_driver" />
			<Option target="TestLidar" />
			<Option target="TestJoystick_and_Motors" />
			<Option target="TestJoystick" />
			<Option target="TestPositionTracking" />
			<Option target="TestIMU" />
			<Option target="TestBasicMapping" />
			<Option target="LidarObstacleAvoidance" />
			<Option target="TestCameraStabilization" />
			<Option target="TestMotorDriver" />
			<Option target="TestPathPlanning" />
		</Unit>
		<Unit filename="src/serial/ASIOSerialPort.h">
			<Option target="TestSerial" />
			<Option target="TestGPS" />
			<Option target="TestOSMC_driver" />
			<Option target="TestLidar" />
			<Option target="TestJoystick_and_Motors" />
			<Option target="TestJoystick" />
			<Option target="TestPositionTracking" />
			<Option target="TestIMU" />
			<Option target="TestBasicMapping" />
			<Option target="LidarObstacleAvoidance" />
			<Option target="TestCameraStabilization" />
			<Option target="TestMotorDriver" />
			<Option target="TestPathPlanning" />
		</Unit>
		<Unit filename="src/serial/SerialPortTest.cpp">
			<Option target="TestSerial" />
		</Unit>
		<Unit filename="src/vision/ColorRange.cpp">
			<Option target="OdometryTest" />
		</Unit>
		<Unit filename="src/vision/ColorRange.h">
			<Option target="OdometryTest" />
		</Unit>
		<Unit filename="src/vision/GrassOdometer.cpp">
			<Option target="OdometryTest" />
		</Unit>
		<Unit filename="src/vision/GrassOdometer.h">
			<Option target="OdometryTest" />
		</Unit>
		<Unit filename="src/vision/ImageHolder.cpp">
			<Option target="OdometryTest" />
		</Unit>
		<Unit filename="src/vision/ImageHolder.h">
			<Option target="OdometryTest" />
		</Unit>
		<Unit filename="src/vision/VisualOdometry.cpp">
			<Option target="OdometryTest" />
		</Unit>
		<Unit filename="src/vision/colorRangeFinder.cpp">
			<Option target="OdometryTest" />
		</Unit>
		<Unit filename="src/vision/colorRangeFinder.h">
			<Option target="OdometryTest" />
		</Unit>
		<Unit filename="src/vision/testImageUtils.cpp">
			<Option target="testPerspectiveTransform" />
		</Unit>
		<Unit filename="test/sensors/RobotPositionTest.cpp">
			<Option target="Regression" />
		</Unit>
		<Extensions>
			<code_completion />
			<envvars />
			<debugger />
			<lib_finder disable_auto="1" />
		</Extensions>
	</Project>
</CodeBlocks_project_file>
